
Microsoft Visual Studio Solution File, Format Version 12.00
# Visual Studio Version 17
VisualStudioVersion = 17.0.31903.59
MinimumVisualStudioVersion = 10.0.40219.1
Project("{2150E333-8FDC-42A3-9474-1A3956D46DE8}") = "src", "src", "{827E0CD3-B72D-47B6-A68D-7590B98EB39B}"
EndProject
Project("{FAE04EC0-301F-11D3-BF4B-00C04F79EFBC}") = "HolidayLights.Core", "src\HolidayLights.Core\HolidayLights.Core.csproj", "{B66388E3-B54F-4AC4-BAA6-5A2A604AE05F}"
EndProject
Project("{FAE04EC0-301F-11D3-BF4B-00C04F79EFBC}") = "HolidayLights.Platform", "src\HolidayLights.Platform\HolidayLights.Platform.csproj", "{F9848E54-2E44-424F-B218-4FCB2E068F71}"
EndProject
Project("{FAE04EC0-301F-11D3-BF4B-00C04F79EFBC}") = "HolidayLights.Rendering", "src\HolidayLights.Rendering\HolidayLights.Rendering.csproj", "{15BCAE79-7BCE-4E3E-B5B4-141A59903F29}"
EndProject
Project("{FAE04EC0-301F-11D3-BF4B-00C04F79EFBC}") = "HolidayLights.Audio", "src\HolidayLights.Audio\HolidayLights.Audio.csproj", "{0B5E89DD-13F4-4BDB-A936-650F0812A93A}"
EndProject
Project("{FAE04EC0-301F-11D3-BF4B-00C04F79EFBC}") = "HolidayLights.App", "src\HolidayLights.App\HolidayLights.App.csproj", "{6B5439C6-BB67-4866-8675-878A30835483}"
EndProject
Project("{2150E333-8FDC-42A3-9474-1A3956D46DE8}") = "tests", "tests", "{0AB3BF05-4346-4AA6-1389-037BE0695223}"
EndProject
Project("{FAE04EC0-301F-11D3-BF4B-00C04F79EFBC}") = "HolidayLights.Tests", "tests\HolidayLights.Tests\HolidayLights.Tests.csproj", "{C75B47A2-AFB1-41AB-A9FC-89C60C0EA6D4}"
EndProject
Global
	GlobalSection(SolutionConfigurationPlatforms) = preSolution
		Debug|Any CPU = Debug|Any CPU
		Debug|x64 = Debug|x64
		Debug|x86 = Debug|x86
		Release|Any CPU = Release|Any CPU
		Release|x64 = Release|x64
		Release|x86 = Release|x86
	EndGlobalSection
	GlobalSection(ProjectConfigurationPlatforms) = postSolution
		{B66388E3-B54F-4AC4-BAA6-5A2A604AE05F}.Debug|Any CPU.ActiveCfg = Debug|Any CPU
		{B66388E3-B54F-4AC4-BAA6-5A2A604AE05F}.Debug|Any CPU.Build.0 = Debug|Any CPU
		{B66388E3-B54F-4AC4-BAA6-5A2A604AE05F}.Debug|x64.ActiveCfg = Debug|Any CPU
		{B66388E3-B54F-4AC4-BAA6-5A2A604AE05F}.Debug|x64.Build.0 = Debug|Any CPU
		{B66388E3-B54F-4AC4-BAA6-5A2A604AE05F}.Debug|x86.ActiveCfg = Debug|Any CPU
		{B66388E3-B54F-4AC4-BAA6-5A2A604AE05F}.Debug|x86.Build.0 = Debug|Any CPU
		{B66388E3-B54F-4AC4-BAA6-5A2A604AE05F}.Release|Any CPU.ActiveCfg = Release|Any CPU
		{B66388E3-B54F-4AC4-BAA6-5A2A604AE05F}.Release|Any CPU.Build.0 = Release|Any CPU
		{B66388E3-B54F-4AC4-BAA6-5A2A604AE05F}.Release|x64.ActiveCfg = Release|Any CPU
		{B66388E3-B54F-4AC4-BAA6-5A2A604AE05F}.Release|x64.Build.0 = Release|Any CPU
		{B66388E3-B54F-4AC4-BAA6-5A2A604AE05F}.Release|x86.ActiveCfg = Release|Any CPU
		{B66388E3-B54F-4AC4-BAA6-5A2A604AE05F}.Release|x86.Build.0 = Release|Any CPU
		{F9848E54-2E44-424F-B218-4FCB2E068F71}.Debug|Any CPU.ActiveCfg = Debug|Any CPU
		{F9848E54-2E44-424F-B218-4FCB2E068F71}.Debug|Any CPU.Build.0 = Debug|Any CPU
		{F9848E54-2E44-424F-B218-4FCB2E068F71}.Debug|x64.ActiveCfg = Debug|Any CPU
		{F9848E54-2E44-424F-B218-4FCB2E068F71}.Debug|x64.Build.0 = Debug|Any CPU
		{F9848E54-2E44-424F-B218-4FCB2E068F71}.Debug|x86.ActiveCfg = Debug|Any CPU
		{F9848E54-2E44-424F-B218-4FCB2E068F71}.Debug|x86.Build.0 = Debug|Any CPU
		{F9848E54-2E44-424F-B218-4FCB2E068F71}.Release|Any CPU.ActiveCfg = Release|Any CPU
		{F9848E54-2E44-424F-B218-4FCB2E068F71}.Release|Any CPU.Build.0 = Release|Any CPU
		{F9848E54-2E44-424F-B218-4FCB2E068F71}.Release|x64.ActiveCfg = Release|Any CPU
		{F9848E54-2E44-424F-B218-4FCB2E068F71}.Release|x64.Build.0 = Release|Any CPU
		{F9848E54-2E44-424F-B218-4FCB2E068F71}.Release|x86.ActiveCfg = Release|Any CPU
		{F9848E54-2E44-424F-B218-4FCB2E068F71}.Release|x86.Build.0 = Release|Any CPU
		{15BCAE79-7BCE-4E3E-B5B4-141A59903F29}.Debug|Any CPU.ActiveCfg = Debug|Any CPU
		{15BCAE79-7BCE-4E3E-B5B4-141A59903F29}.Debug|Any CPU.Build.0 = Debug|Any CPU
		{15BCAE79-7BCE-4E3E-B5B4-141A59903F29}.Debug|x64.ActiveCfg = Debug|Any CPU
		{15BCAE79-7BCE-4E3E-B5B4-141A59903F29}.Debug|x64.Build.0 = Debug|Any CPU
		{15BCAE79-7BCE-4E3E-B5B4-141A59903F29}.Debug|x86.ActiveCfg = Debug|Any CPU
		{15BCAE79-7BCE-4E3E-B5B4-141A59903F29}.Debug|x86.Build.0 = Debug|Any CPU
		{15BCAE79-7BCE-4E3E-B5B4-141A59903F29}.Release|Any CPU.ActiveCfg = Release|Any CPU
		{15BCAE79-7BCE-4E3E-B5B4-141A59903F29}.Release|Any CPU.Build.0 = Release|Any CPU
		{15BCAE79-7BCE-4E3E-B5B4-141A59903F29}.Release|x64.ActiveCfg = Release|Any CPU
		{15BCAE79-7BCE-4E3E-B5B4-141A59903F29}.Release|x64.Build.0 = Release|Any CPU
		{15BCAE79-7BCE-4E3E-B5B4-141A59903F29}.Release|x86.ActiveCfg = Release|Any CPU
		{15BCAE79-7BCE-4E3E-B5B4-141A59903F29}.Release|x86.Build.0 = Release|Any CPU
		{0B5E89DD-13F4-4BDB-A936-650F0812A93A}.Debug|Any CPU.ActiveCfg = Debug|Any CPU
		{0B5E89DD-13F4-4BDB-A936-650F0812A93A}.Debug|Any CPU.Build.0 = Debug|Any CPU
		{0B5E89DD-13F4-4BDB-A936-650F0812A93A}.Debug|x64.ActiveCfg = Debug|Any CPU
		{0B5E89DD-13F4-4BDB-A936-650F0812A93A}.Debug|x64.Build.0 = Debug|Any CPU
		{0B5E89DD-13F4-4BDB-A936-650F0812A93A}.Debug|x86.ActiveCfg = Debug|Any CPU
		{0B5E89DD-13F4-4BDB-A936-650F0812A93A}.Debug|x86.Build.0 = Debug|Any CPU
		{0B5E89DD-13F4-4BDB-A936-650F0812A93A}.Release|Any CPU.ActiveCfg = Release|Any CPU
		{0B5E89DD-13F4-4BDB-A936-650F0812A93A}.Release|Any CPU.Build.0 = Release|Any CPU
		{0B5E89DD-13F4-4BDB-A936-650F0812A93A}.Release|x64.ActiveCfg = Release|Any CPU
		{0B5E89DD-13F4-4BDB-A936-650F0812A93A}.Release|x64.Build.0 = Release|Any CPU
		{0B5E89DD-13F4-4BDB-A936-650F0812A93A}.Release|x86.ActiveCfg = Release|Any CPU
		{0B5E89DD-13F4-4BDB-A936-650F0812A93A}.Release|x86.Build.0 = Release|Any CPU
		{6B5439C6-BB67-4866-8675-878A30835483}.Debug|Any CPU.ActiveCfg = Debug|Any CPU
		{6B5439C6-BB67-4866-8675-878A30835483}.Debug|Any CPU.Build.0 = Debug|Any CPU
		{6B5439C6-BB67-4866-8675-878A30835483}.Debug|x64.ActiveCfg = Debug|Any CPU
		{6B5439C6-BB67-4866-8675-878A30835483}.Debug|x64.Build.0 = Debug|Any CPU
		{6B5439C6-BB67-4866-8675-878A30835483}.Debug|x86.ActiveCfg = Debug|Any CPU
		{6B5439C6-BB67-4866-8675-878A30835483}.Debug|x86.Build.0 = Debug|Any CPU
		{6B5439C6-BB67-4866-8675-878A30835483}.Release|Any CPU.ActiveCfg = Release|Any CPU
		{6B5439C6-BB67-4866-8675-878A30835483}.Release|Any CPU.Build.0 = Release|Any CPU
		{6B5439C6-BB67-4866-8675-878A30835483}.Release|x64.ActiveCfg = Release|Any CPU
		{6B5439C6-BB67-4866-8675-878A30835483}.Release|x64.Build.0 = Release|Any CPU
		{6B5439C6-BB67-4866-8675-878A30835483}.Release|x86.ActiveCfg = Release|Any CPU
		{6B5439C6-BB67-4866-8675-878A30835483}.Release|x86.Build.0 = Release|Any CPU
		{C75B47A2-AFB1-41AB-A9FC-89C60C0EA6D4}.Debug|Any CPU.ActiveCfg = Debug|Any CPU
		{C75B47A2-AFB1-41AB-A9FC-89C60C0EA6D4}.Debug|Any CPU.Build.0 = Debug|Any CPU
		{C75B47A2-AFB1-41AB-A9FC-89C60C0EA6D4}.Debug|x64.ActiveCfg = Debug|Any CPU
		{C75B47A2-AFB1-41AB-A9FC-89C60C0EA6D4}.Debug|x64.Build.0 = Debug|Any CPU
		{C75B47A2-AFB1-41AB-A9FC-89C60C0EA6D4}.Debug|x86.ActiveCfg = Debug|Any CPU
		{C75B47A2-AFB1-41AB-A9FC-89C60C0EA6D4}.Debug|x86.Build.0 = Debug|Any CPU
		{C75B47A2-AFB1-41AB-A9FC-89C60C0EA6D4}.Release|Any CPU.ActiveCfg = Release|Any CPU
		{C75B47A2-AFB1-41AB-A9FC-89C60C0EA6D4}.Release|Any CPU.Build.0 = Release|Any CPU
		{C75B47A2-AFB1-41AB-A9FC-89C60C0EA6D4}.Release|x64.ActiveCfg = Release|Any CPU
		{C75B47A2-AFB1-41AB-A9FC-89C60C0EA6D4}.Release|x64.Build.0 = Release|Any CPU
		{C75B47A2-AFB1-41AB-A9FC-89C60C0EA6D4}.Release|x86.ActiveCfg = Release|Any CPU
		{C75B47A2-AFB1-41AB-A9FC-89C60C0EA6D4}.Release|x86.Build.0 = Release|Any CPU
	EndGlobalSection
	GlobalSection(SolutionProperties) = preSolution
		HideSolutionNode = FALSE
	EndGlobalSection
	GlobalSection(NestedProjects) = preSolution
		{B66388E3-B54F-4AC4-BAA6-5A2A604AE05F} = {827E0CD3-B72D-47B6-A68D-7590B98EB39B}
		{F9848E54-2E44-424F-B218-4FCB2E068F71} = {827E0CD3-B72D-47B6-A68D-7590B98EB39B}
		{15BCAE79-7BCE-4E3E-B5B4-141A59903F29} = {827E0CD3-B72D-47B6-A68D-7590B98EB39B}
		{0B5E89DD-13F4-4BDB-A936-650F0812A93A} = {827E0CD3-B72D-47B6-A68D-7590B98EB39B}
		{6B5439C6-BB67-4866-8675-878A30835483} = {827E0CD3-B72D-47B6-A68D-7590B98EB39B}
		{C75B47A2-AFB1-41AB-A9FC-89C60C0EA6D4} = {0AB3BF05-4346-4AA6-1389-037BE0695223}
	EndGlobalSection
EndGlobal
